dependencies:
- name: finops-agent
  repository: https://kubecost.github.io/finops-agent-chart
  version: 1.0.25
- name: mcp-kubecost
  repository: https://kubecost.github.io/mcp-kubecost
  version: 0.14.1
digest: sha256:da016b3257b89e27709b74d9ff6cd7c55fa855d96a3c04c352b922eccc4a3674
generated: "2026-09-09T08:54:20.510376-04:00"
