dependencies:
- name: finops-agent
  repository: https://kubecost.github.io/finops-agent-chart
  version: 1.0.25
- name: mcp-kubecost
  repository: https://kubecost.github.io/mcp-kubecost
  version: 0.15.0
digest: sha256:bdcd23773668b20392fb62daf5316134d6ef763d186734873a054d3467ef25b8
generated: "2026-09-10T02:34:31.660349166Z"
