dependencies:
- name: finops-agent
  repository: https://kubecost.github.io/finops-agent-chart
  version: 1.0.25
- name: mcp-kubecost
  repository: https://kubecost.github.io/mcp-kubecost
  version: 0.14.1
digest: sha256:71669709b3bfa4c0cf1514224ae43aacd3b056ab0df21b5580186d564ed5f972
generated: "2026-09-03T10:21:40.80118-04:00"
